
Microsoft Visual Studio Solution File, Format Version 12.00
# Visual Studio Version 16
VisualStudioVersion = 16.0.28922.388
MinimumVisualStudioVersion = 10.0.40219.1
Project("{9A19103F-16F7-4668-BE54-9A1E7A4F7556}") = "DotNetCoreSqlDb", "DotNetCoreSqlDb.csproj", "{C82261D5-656D-40BD-B2AB-E442C4712B7A}"
EndProject
Global
	GlobalSection(SolutionConfigurationPlatforms) = preSolution
		Debug|Any CPU = Debug|Any CPU
		Release|Any CPU = Release|Any CPU
	EndGlobalSection
	GlobalSection(ProjectConfigurationPlatforms) = postSolution
		{C82261D5-656D-40BD-B2AB-E442C4712B7A}.Debug|Any CPU.ActiveCfg = Debug|Any CPU
		{C82261D5-656D-40BD-B2AB-E442C4712B7A}.Debug|Any CPU.Build.0 = Debug|Any CPU
		{C82261D5-656D-40BD-B2AB-E442C4712B7A}.Release|Any CPU.ActiveCfg = Release|Any CPU
		{C82261D5-656D-40BD-B2AB-E442C4712B7A}.Release|Any CPU.Build.0 = Release|Any CPU
	EndGlobalSection
	GlobalSection(SolutionProperties) = preSolution
		HideSolutionNode = FALSE
	EndGlobalSection
	GlobalSection(ExtensibilityGlobals) = postSolution
		SolutionGuid = {78E19431-D7AB-408D-8A4E-EC4400946480}
	EndGlobalSection
EndGlobal
